// !$*UTF8*$!
{
	archiveVersion = 1;
	classes = {
	};
	objectVersion = 56;
	objects = {

/* Begin PBXBuildFile section */
		3886E8A02A7A368200AB1760 /* HiddenWatermarkDemoApp.swift in Sources */ = {isa = PBXBuildFile; fileRef = 3886E89F2A7A368200AB1760 /* HiddenWatermarkDemoApp.swift */; };
		3886E8A22A7A368200AB1760 /* ContentView.swift in Sources */ = {isa = PBXBuildFile; fileRef = 3886E8A12A7A368200AB1760 /* ContentView.swift */; };
		3886E8A42A7A368600AB1760 /* Assets.xcassets in Resources */ = {isa = PBXBuildFile; fileRef = 3886E8A32A7A368600AB1760 /* Assets.xcassets */; };
		3886E8A82A7A368600AB1760 /* Preview Assets.xcassets in Resources */ = {isa = PBXBuildFile; fileRef = 3886E8A72A7A368600AB1760 /* Preview Assets.xcassets */; };
		3886E8B02A7A36B400AB1760 /* Data+Bit.swift in Sources */ = {isa = PBXBuildFile; fileRef = 3886E8AE2A7A36B400AB1760 /* Data+Bit.swift */; };
		3886E8B12A7A36B400AB1760 /* BitReader.swift in Sources */ = {isa = PBXBuildFile; fileRef = 3886E8AF2A7A36B400AB1760 /* BitReader.swift */; };
		3886E8B42A7A370900AB1760 /* Watermarker.swift in Sources */ = {isa = PBXBuildFile; fileRef = 3886E8B32A7A370900AB1760 /* Watermarker.swift */; };
		3886E8B62A7A393400AB1760 /* PlatformImage+SwiftUI.swift in Sources */ = {isa = PBXBuildFile; fileRef = 3886E8B52A7A393400AB1760 /* PlatformImage+SwiftUI.swift */; };
		3886E8B92A7A496C00AB1760 /* String+Identifiable.swift in Sources */ = {isa = PBXBuildFile; fileRef = 3886E8B82A7A496C00AB1760 /* String+Identifiable.swift */; };
		3886E8BB2A7A7AC900AB1760 /* BitLoader.swift in Sources */ = {isa = PBXBuildFile; fileRef = 3886E8BA2A7A7AC900AB1760 /* BitLoader.swift */; };
/* End PBXBuildFile section */

/* Begin PBXFileReference section */
		3886E89C2A7A368200AB1760 /* HiddenWatermarkDemo.app */ = {isa = PBXFileReference; explicitFileType = wrapper.application; includeInIndex = 0; path = HiddenWatermarkDemo.app; sourceTree = BUILT_PRODUCTS_DIR; };
		3886E89F2A7A368200AB1760 /* HiddenWatermarkDemoApp.swift */ = {isa = PBXFileReference; lastKnownFileType = sourcecode.swift; path = HiddenWatermarkDemoApp.swift; sourceTree = "<group>"; };
		3886E8A12A7A368200AB1760 /* ContentView.swift */ = {isa = PBXFileReference; lastKnownFileType = sourcecode.swift; path = ContentView.swift; sourceTree = "<group>"; };
		3886E8A32A7A368600AB1760 /* Assets.xcassets */ = {isa = PBXFileReference; lastKnownFileType = folder.assetcatalog; path = Assets.xcassets; sourceTree = "<group>"; };
		3886E8A52A7A368600AB1760 /* HiddenWatermarkDemo.entitlements */ = {isa = PBXFileReference; lastKnownFileType = text.plist.entitlements; path = HiddenWatermarkDemo.entitlements; sourceTree = "<group>"; };
		3886E8A72A7A368600AB1760 /* Preview Assets.xcassets */ = {isa = PBXFileReference; lastKnownFileType = folder.assetcatalog; path = "Preview Assets.xcassets"; sourceTree = "<group>"; };
		3886E8AE2A7A36B400AB1760 /* Data+Bit.swift */ = {isa = PBXFileReference; fileEncoding = 4; lastKnownFileType = sourcecode.swift; path = "Data+Bit.swift"; sourceTree = "<group>"; };
		3886E8AF2A7A36B400AB1760 /* BitReader.swift */ = {isa = PBXFileReference; fileEncoding = 4; lastKnownFileType = sourcecode.swift; path = BitReader.swift; sourceTree = "<group>"; };
		3886E8B32A7A370900AB1760 /* Watermarker.swift */ = {isa = PBXFileReference; lastKnownFileType = sourcecode.swift; path = Watermarker.swift; sourceTree = "<group>"; };
		3886E8B52A7A393400AB1760 /* PlatformImage+SwiftUI.swift */ = {isa = PBXFileReference; lastKnownFileType = sourcecode.swift; path = "PlatformImage+SwiftUI.swift"; sourceTree = "<group>"; };
		3886E8B82A7A496C00AB1760 /* String+Identifiable.swift */ = {isa = PBXFileReference; lastKnownFileType = sourcecode.swift; path = "String+Identifiable.swift"; sourceTree = "<group>"; };
		3886E8BA2A7A7AC900AB1760 /* BitLoader.swift */ = {isa = PBXFileReference; lastKnownFileType = sourcecode.swift; path = BitLoader.swift; sourceTree = "<group>"; };
/* End PBXFileReference section */

/* Begin PBXFrameworksBuildPhase section */
		3886E8992A7A368200AB1760 /* Frameworks */ = {
			isa = PBXFrameworksBuildPhase;
			buildActionMask = 2147483647;
			files = (
			);
			runOnlyForDeploymentPostprocessing = 0;
		};
/* End PBXFrameworksBuildPhase section */

/* Begin PBXGroup section */
		3886E8932A7A368200AB1760 = {
			isa = PBXGroup;
			children = (
				3886E89E2A7A368200AB1760 /* HiddenWatermarkDemo */,
				3886E89D2A7A368200AB1760 /* Products */,
			);
			sourceTree = "<group>";
		};
		3886E89D2A7A368200AB1760 /* Products */ = {
			isa = PBXGroup;
			children = (
				3886E89C2A7A368200AB1760 /* HiddenWatermarkDemo.app */,
			);
			name = Products;
			sourceTree = "<group>";
		};
		3886E89E2A7A368200AB1760 /* HiddenWatermarkDemo */ = {
			isa = PBXGroup;
			children = (
				3886E89F2A7A368200AB1760 /* HiddenWatermarkDemoApp.swift */,
				3886E8A12A7A368200AB1760 /* ContentView.swift */,
				3886E8B32A7A370900AB1760 /* Watermarker.swift */,
				3886E8B72A7A393E00AB1760 /* Extensions */,
				3886E8B22A7A36B800AB1760 /* Bit */,
				3886E8A32A7A368600AB1760 /* Assets.xcassets */,
				3886E8A52A7A368600AB1760 /* HiddenWatermarkDemo.entitlements */,
				3886E8A62A7A368600AB1760 /* Preview Content */,
			);
			path = HiddenWatermarkDemo;
			sourceTree = "<group>";
		};
		3886E8A62A7A368600AB1760 /* Preview Content */ = {
			isa = PBXGroup;
			children = (
				3886E8A72A7A368600AB1760 /* Preview Assets.xcassets */,
			);
			path = "Preview Content";
			sourceTree = "<group>";
		};
		3886E8B22A7A36B800AB1760 /* Bit */ = {
			isa = PBXGroup;
			children = (
				3886E8AF2A7A36B400AB1760 /* BitReader.swift */,
				3886E8AE2A7A36B400AB1760 /* Data+Bit.swift */,
				3886E8BA2A7A7AC900AB1760 /* BitLoader.swift */,
			);
			path = Bit;
			sourceTree = "<group>";
		};
		3886E8B72A7A393E00AB1760 /* Extensions */ = {
			isa = PBXGroup;
			children = (
				3886E8B82A7A496C00AB1760 /* String+Identifiable.swift */,
				3886E8B52A7A393400AB1760 /* PlatformImage+SwiftUI.swift */,
			);
			path = Extensions;
			sourceTree = "<group>";
		};
/* End PBXGroup section */

/* Begin PBXNativeTarget section */
		3886E89B2A7A368200AB1760 /* HiddenWatermarkDemo */ = {
			isa = PBXNativeTarget;
			buildConfigurationList = 3886E8AB2A7A368600AB1760 /* Build configuration list for PBXNativeTarget "HiddenWatermarkDemo" */;
			buildPhases = (
				3886E8982A7A368200AB1760 /* Sources */,
				3886E8992A7A368200AB1760 /* Frameworks */,
				3886E89A2A7A368200AB1760 /* Resources */,
			);
			buildRules = (
			);
			dependencies = (
			);
			name = HiddenWatermarkDemo;
			productName = HiddenWatermarkDemo;
			productReference = 3886E89C2A7A368200AB1760 /* HiddenWatermarkDemo.app */;
			productType = "com.apple.product-type.application";
		};
/* End PBXNativeTarget section */

/* Begin PBXProject section */
		3886E8942A7A368200AB1760 /* Project object */ = {
			isa = PBXProject;
			attributes = {
				BuildIndependentTargetsInParallel = 1;
				LastSwiftUpdateCheck = 1500;
				LastUpgradeCheck = 1500;
				TargetAttributes = {
					3886E89B2A7A368200AB1760 = {
						CreatedOnToolsVersion = 15.0;
					};
				};
			};
			buildConfigurationList = 3886E8972A7A368200AB1760 /* Build configuration list for PBXProject "HiddenWatermarkDemo" */;
			compatibilityVersion = "Xcode 14.0";
			developmentRegion = en;
			hasScannedForEncodings = 0;
			knownRegions = (
				en,
				Base,
			);
			mainGroup = 3886E8932A7A368200AB1760;
			productRefGroup = 3886E89D2A7A368200AB1760 /* Products */;
			projectDirPath = "";
			projectRoot = "";
			targets = (
				3886E89B2A7A368200AB1760 /* HiddenWatermarkDemo */,
			);
		};
/* End PBXProject section */

/* Begin PBXResourcesBuildPhase section */
		3886E89A2A7A368200AB1760 /* Resources */ = {
			isa = PBXResourcesBuildPhase;
			buildActionMask = 2147483647;
			files = (
				3886E8A82A7A368600AB1760 /* Preview Assets.xcassets in Resources */,
				3886E8A42A7A368600AB1760 /* Assets.xcassets in Resources */,
			);
			runOnlyForDeploymentPostprocessing = 0;
		};
/* End PBXResourcesBuildPhase section */

/* Begin PBXSourcesBuildPhase section */
		3886E8982A7A368200AB1760 /* Sources */ = {
			isa = PBXSourcesBuildPhase;
			buildActionMask = 2147483647;
			files = (
				3886E8BB2A7A7AC900AB1760 /* BitLoader.swift in Sources */,
				3886E8B12A7A36B400AB1760 /* BitReader.swift in Sources */,
				3886E8B92A7A496C00AB1760 /* String+Identifiable.swift in Sources */,
				3886E8A22A7A368200AB1760 /* ContentView.swift in Sources */,
				3886E8B42A7A370900AB1760 /* Watermarker.swift in Sources */,
				3886E8A02A7A368200AB1760 /* HiddenWatermarkDemoApp.swift in Sources */,
				3886E8B62A7A393400AB1760 /* PlatformImage+SwiftUI.swift in Sources */,
				3886E8B02A7A36B400AB1760 /* Data+Bit.swift in Sources */,
			);
			runOnlyForDeploymentPostprocessing = 0;
		};
/* End PBXSourcesBuildPhase section */

/* Begin XCBuildConfiguration section */
		3886E8A92A7A368600AB1760 /* Debug */ = {
			isa = XCBuildConfiguration;
			buildSettings = {
				ALWAYS_SEARCH_USER_PATHS = NO;
				ASSETCATALOG_COMPILER_GENERATE_SWIFT_ASSET_SYMBOL_EXTENSIONS = YES;
				CLANG_ANALYZER_NONNULL = YES;
				CLANG_ANALYZER_NUMBER_OBJECT_CONVERSION = YES_AGGRESSIVE;
				CLANG_CXX_LANGUAGE_STANDARD = "gnu++20";
				CLANG_ENABLE_MODULES = YES;
				CLANG_ENABLE_OBJC_ARC = YES;
				CLANG_ENABLE_OBJC_WEAK = YES;
				CLANG_WARN_BLOCK_CAPTURE_AUTORELEASING = YES;
				CLANG_WARN_BOOL_CONVERSION = YES;
				CLANG_WARN_COMMA = YES;
				CLANG_WARN_CONSTANT_CONVERSION = YES;
				CLANG_WARN_DEPRECATED_OBJC_IMPLEMENTATIONS = YES;
				CLANG_WARN_DIRECT_OBJC_ISA_USAGE = YES_ERROR;
				CLANG_WARN_DOCUMENTATION_COMMENTS = YES;
				CLANG_WARN_EMPTY_BODY = YES;
				CLANG_WARN_ENUM_CONVERSION = YES;
				CLANG_WARN_INFINITE_RECURSION = YES;
				CLANG_WARN_INT_CONVERSION = YES;
				CLANG_WARN_NON_LITERAL_NULL_CONVERSION = YES;
				CLANG_WARN_OBJC_IMPLICIT_RETAIN_SELF = YES;
				CLANG_WARN_OBJC_LITERAL_CONVERSION = YES;
				CLANG_WARN_OBJC_ROOT_CLASS = YES_ERROR;
				CLANG_WARN_QUOTED_INCLUDE_IN_FRAMEWORK_HEADER = YES;
				CLANG_WARN_RANGE_LOOP_ANALYSIS = YES;
				CLANG_WARN_STRICT_PROTOTYPES = YES;
				CLANG_WARN_SUSPICIOUS_MOVE = YES;
				CLANG_WARN_UNGUARDED_AVAILABILITY = YES_AGGRESSIVE;
				CLANG_WARN_UNREACHABLE_CODE = YES;
				CLANG_WARN__DUPLICATE_METHOD_MATCH = YES;
				COPY_PHASE_STRIP = NO;
				DEBUG_INFORMATION_FORMAT = dwarf;
				ENABLE_STRICT_OBJC_MSGSEND = YES;
				ENABLE_TESTABILITY = YES;
				ENABLE_USER_SCRIPT_SANDBOXING = YES;
				GCC_C_LANGUAGE_STANDARD = gnu17;
				GCC_DYNAMIC_NO_PIC = NO;
				GCC_NO_COMMON_BLOCKS = YES;
				GCC_OPTIMIZATION_LEVEL = 0;
				GCC_PREPROCESSOR_DEFINITIONS = (
					"DEBUG=1",
					"$(inherited)",
				);
				GCC_WARN_64_TO_32_BIT_CONVERSION = YES;
				GCC_WARN_ABOUT_RETURN_TYPE = YES_ERROR;
				GCC_WARN_UNDECLARED_SELECTOR = YES;
				GCC_WARN_UNINITIALIZED_AUTOS = YES_AGGRESSIVE;
				GCC_WARN_UNUSED_FUNCTION = YES;
				GCC_WARN_UNUSED_VARIABLE = YES;
				LOCALIZATION_PREFERS_STRING_CATALOGS = YES;
				MTL_ENABLE_DEBUG_INFO = INCLUDE_SOURCE;
				MTL_FAST_MATH = YES;
				ONLY_ACTIVE_ARCH = YES;
				SWIFT_ACTIVE_COMPILATION_CONDITIONS = "DEBUG $(inherited)";
				SWIFT_OPTIMIZATION_LEVEL = "-Onone";
			};
			name = Debug;
		};
		3886E8AA2A7A368600AB1760 /* Release */ = {
			isa = XCBuildConfiguration;
			buildSettings = {
				ALWAYS_SEARCH_USER_PATHS = NO;
				ASSETCATALOG_COMPILER_GENERATE_SWIFT_ASSET_SYMBOL_EXTENSIONS = YES;
				CLANG_ANALYZER_NONNULL = YES;
				CLANG_ANALYZER_NUMBER_OBJECT_CONVERSION = YES_AGGRESSIVE;
				CLANG_CXX_LANGUAGE_STANDARD = "gnu++20";
				CLANG_ENABLE_MODULES = YES;
				CLANG_ENABLE_OBJC_ARC = YES;
				CLANG_ENABLE_OBJC_WEAK = YES;
				CLANG_WARN_BLOCK_CAPTURE_AUTORELEASING = YES;
				CLANG_WARN_BOOL_CONVERSION = YES;
				CLANG_WARN_COMMA = YES;
				CLANG_WARN_CONSTANT_CONVERSION = YES;
				CLANG_WARN_DEPRECATED_OBJC_IMPLEMENTATIONS = YES;
				CLANG_WARN_DIRECT_OBJC_ISA_USAGE = YES_ERROR;
				CLANG_WARN_DOCUMENTATION_COMMENTS = YES;
				CLANG_WARN_EMPTY_BODY = YES;
				CLANG_WARN_ENUM_CONVERSION = YES;
				CLANG_WARN_INFINITE_RECURSION = YES;
				CLANG_WARN_INT_CONVERSION = YES;
				CLANG_WARN_NON_LITERAL_NULL_CONVERSION = YES;
				CLANG_WARN_OBJC_IMPLICIT_RETAIN_SELF = YES;
				CLANG_WARN_OBJC_LITERAL_CONVERSION = YES;
				CLANG_WARN_OBJC_ROOT_CLASS = YES_ERROR;
				CLANG_WARN_QUOTED_INCLUDE_IN_FRAMEWORK_HEADER = YES;
				CLANG_WARN_RANGE_LOOP_ANALYSIS = YES;
				CLANG_WARN_STRICT_PROTOTYPES = YES;
				CLANG_WARN_SUSPICIOUS_MOVE = YES;
				CLANG_WARN_UNGUARDED_AVAILABILITY = YES_AGGRESSIVE;
				CLANG_WARN_UNREACHABLE_CODE = YES;
				CLANG_WARN__DUPLICATE_METHOD_MATCH = YES;
				COPY_PHASE_STRIP = NO;
				DEBUG_INFORMATION_FORMAT = "dwarf-with-dsym";
				ENABLE_NS_ASSERTIONS = NO;
				ENABLE_STRICT_OBJC_MSGSEND = YES;
				ENABLE_USER_SCRIPT_SANDBOXING = YES;
				GCC_C_LANGUAGE_STANDARD = gnu17;
				GCC_NO_COMMON_BLOCKS = YES;
				GCC_WARN_64_TO_32_BIT_CONVERSION = YES;
				GCC_WARN_ABOUT_RETURN_TYPE = YES_ERROR;
				GCC_WARN_UNDECLARED_SELECTOR = YES;
				GCC_WARN_UNINITIALIZED_AUTOS = YES_AGGRESSIVE;
				GCC_WARN_UNUSED_FUNCTION = YES;
				GCC_WARN_UNUSED_VARIABLE = YES;
				LOCALIZATION_PREFERS_STRING_CATALOGS = YES;
				MTL_ENABLE_DEBUG_INFO = NO;
				MTL_FAST_MATH = YES;
				SWIFT_COMPILATION_MODE = wholemodule;
			};
			name = Release;
		};
		3886E8AC2A7A368600AB1760 /* Debug */ = {
			isa = XCBuildConfiguration;
			buildSettings = {
				ASSETCATALOG_COMPILER_APPICON_NAME = AppIcon;
				ASSETCATALOG_COMPILER_GLOBAL_ACCENT_COLOR_NAME = AccentColor;
				CODE_SIGN_ENTITLEMENTS = HiddenWatermarkDemo/HiddenWatermarkDemo.entitlements;
				CODE_SIGN_STYLE = Automatic;
				CURRENT_PROJECT_VERSION = 1;
				DEVELOPMENT_ASSET_PATHS = "\"HiddenWatermarkDemo/Preview Content\"";
				DEVELOPMENT_TEAM = CJ9X49H2WL;
				ENABLE_HARDENED_RUNTIME = NO;
				ENABLE_PREVIEWS = YES;
				GENERATE_INFOPLIST_FILE = YES;
				"INFOPLIST_KEY_UIApplicationSceneManifest_Generation[sdk=iphoneos*]" = YES;
				"INFOPLIST_KEY_UIApplicationSceneManifest_Generation[sdk=iphonesimulator*]" = YES;
				"INFOPLIST_KEY_UIApplicationSupportsIndirectInputEvents[sdk=iphoneos*]" = YES;
				"INFOPLIST_KEY_UIApplicationSupportsIndirectInputEvents[sdk=iphonesimulator*]" = YES;
				"INFOPLIST_KEY_UILaunchScreen_Generation[sdk=iphoneos*]" = YES;
				"INFOPLIST_KEY_UILaunchScreen_Generation[sdk=iphonesimulator*]" = YES;
				"INFOPLIST_KEY_UIStatusBarStyle[sdk=iphoneos*]" = UIStatusBarStyleDefault;
				"INFOPLIST_KEY_UIStatusBarStyle[sdk=iphonesimulator*]" = UIStatusBarStyleDefault;
				INFOPLIST_KEY_UISupportedInterfaceOrientations_iPad = "UIInterfaceOrientationPortrait UIInterfaceOrientationPortraitUpsideDown UIInterfaceOrientationLandscapeLeft UIInterfaceOrientationLandscapeRight";
				INFOPLIST_KEY_UISupportedInterfaceOrientations_iPhone = "UIInterfaceOrientationPortrait UIInterfaceOrientationLandscapeLeft UIInterfaceOrientationLandscapeRight";
				IPHONEOS_DEPLOYMENT_TARGET = 16.0;
				LD_RUNPATH_SEARCH_PATHS = "@executable_path/Frameworks";
				"LD_RUNPATH_SEARCH_PATHS[sdk=macosx*]" = "@executable_path/../Frameworks";
				MACOSX_DEPLOYMENT_TARGET = 13.0;
				MARKETING_VERSION = 1.0;
				PRODUCT_BUNDLE_IDENTIFIER = com.liyanan2004.HiddenWatermarkDemo;
				PRODUCT_NAME = "$(TARGET_NAME)";
				SDKROOT = auto;
				SUPPORTED_PLATFORMS = "iphoneos iphonesimulator macosx";
				SUPPORTS_MACCATALYST = NO;
				SWIFT_EMIT_LOC_STRINGS = YES;
				SWIFT_VERSION = 5.0;
				TARGETED_DEVICE_FAMILY = "1,2";
			};
			name = Debug;
		};
		3886E8AD2A7A368600AB1760 /* Release */ = {
			isa = XCBuildConfiguration;
			buildSettings = {
				ASSETCATALOG_COMPILER_APPICON_NAME = AppIcon;
				ASSETCATALOG_COMPILER_GLOBAL_ACCENT_COLOR_NAME = AccentColor;
				CODE_SIGN_ENTITLEMENTS = HiddenWatermarkDemo/HiddenWatermarkDemo.entitlements;
				CODE_SIGN_STYLE = Automatic;
				CURRENT_PROJECT_VERSION = 1;
				DEVELOPMENT_ASSET_PATHS = "\"HiddenWatermarkDemo/Preview Content\"";
				DEVELOPMENT_TEAM = CJ9X49H2WL;
				ENABLE_HARDENED_RUNTIME = NO;
				ENABLE_PREVIEWS = YES;
				GENERATE_INFOPLIST_FILE = YES;
				"INFOPLIST_KEY_UIApplicationSceneManifest_Generation[sdk=iphoneos*]" = YES;
				"INFOPLIST_KEY_UIApplicationSceneManifest_Generation[sdk=iphonesimulator*]" = YES;
				"INFOPLIST_KEY_UIApplicationSupportsIndirectInputEvents[sdk=iphoneos*]" = YES;
				"INFOPLIST_KEY_UIApplicationSupportsIndirectInputEvents[sdk=iphonesimulator*]" = YES;
				"INFOPLIST_KEY_UILaunchScreen_Generation[sdk=iphoneos*]" = YES;
				"INFOPLIST_KEY_UILaunchScreen_Generation[sdk=iphonesimulator*]" = YES;
				"INFOPLIST_KEY_UIStatusBarStyle[sdk=iphoneos*]" = UIStatusBarStyleDefault;
				"INFOPLIST_KEY_UIStatusBarStyle[sdk=iphonesimulator*]" = UIStatusBarStyleDefault;
				INFOPLIST_KEY_UISupportedInterfaceOrientations_iPad = "UIInterfaceOrientationPortrait UIInterfaceOrientationPortraitUpsideDown UIInterfaceOrientationLandscapeLeft UIInterfaceOrientationLandscapeRight";
				INFOPLIST_KEY_UISupportedInterfaceOrientations_iPhone = "UIInterfaceOrientationPortrait UIInterfaceOrientationLandscapeLeft UIInterfaceOrientationLandscapeRight";
				IPHONEOS_DEPLOYMENT_TARGET = 16.0;
				LD_RUNPATH_SEARCH_PATHS = "@executable_path/Frameworks";
				"LD_RUNPATH_SEARCH_PATHS[sdk=macosx*]" = "@executable_path/../Frameworks";
				MACOSX_DEPLOYMENT_TARGET = 13.0;
				MARKETING_VERSION = 1.0;
				PRODUCT_BUNDLE_IDENTIFIER = com.liyanan2004.HiddenWatermarkDemo;
				PRODUCT_NAME = "$(TARGET_NAME)";
				SDKROOT = auto;
				SUPPORTED_PLATFORMS = "iphoneos iphonesimulator macosx";
				SUPPORTS_MACCATALYST = NO;
				SWIFT_EMIT_LOC_STRINGS = YES;
				SWIFT_VERSION = 5.0;
				TARGETED_DEVICE_FAMILY = "1,2";
			};
			name = Release;
		};
/* End XCBuildConfiguration section */

/* Begin XCConfigurationList section */
		3886E8972A7A368200AB1760 /* Build configuration list for PBXProject "HiddenWatermarkDemo" */ = {
			isa = XCConfigurationList;
			buildConfigurations = (
				3886E8A92A7A368600AB1760 /* Debug */,
				3886E8AA2A7A368600AB1760 /* Release */,
			);
			defaultConfigurationIsVisible = 0;
			defaultConfigurationName = Release;
		};
		3886E8AB2A7A368600AB1760 /* Build configuration list for PBXNativeTarget "HiddenWatermarkDemo" */ = {
			isa = XCConfigurationList;
			buildConfigurations = (
				3886E8AC2A7A368600AB1760 /* Debug */,
				3886E8AD2A7A368600AB1760 /* Release */,
			);
			defaultConfigurationIsVisible = 0;
			defaultConfigurationName = Release;
		};
/* End XCConfigurationList section */
	};
	rootObject = 3886E8942A7A368200AB1760 /* Project object */;
}
